// !$*UTF8*$!
{
	archiveVersion = 1;
	classes = {
	};
	objectVersion = 46;
	objects = {

/* Begin PBXBuildFile section */
		00E356F31AD99517003FC87E /* plottr_mobileTests.m in Sources */ = {isa = PBXBuildFile; fileRef = 00E356F21AD99517003FC87E /* plottr_mobileTests.m */; };
		12EBA0C7817941F1A61CE988 /* Zocial.ttf in Resources */ = {isa = PBXBuildFile; fileRef = 1420E17BE28C42608F85D3ED /* Zocial.ttf */; };
		13B07FBF1A68108700A75B9A /* Images.xcassets in Resources */ = {isa = PBXBuildFile; fileRef = 13B07FB51A68108700A75B9A /* Images.xcassets */; };
		1854EE101B374B63B398262D /* FontAwesome.ttf in Resources */ = {isa = PBXBuildFile; fileRef = 06D00DB9C5E942F08CB91BEC /* FontAwesome.ttf */; };
		21B1C2C224EB365E00DD973F /* DocumentBrowserBridge.m in Sources */ = {isa = PBXBuildFile; fileRef = 21B1C2C124EB365E00DD973F /* DocumentBrowserBridge.m */; };
		21B1C2C524EB384500DD973F /* DocumentBrowser.swift in Sources */ = {isa = PBXBuildFile; fileRef = 21B1C2C424EB384500DD973F /* DocumentBrowser.swift */; };
		21B1C2C724EB3D9C00DD973F /* AppDelegate.swift in Sources */ = {isa = PBXBuildFile; fileRef = 21B1C2C624EB3D9C00DD973F /* AppDelegate.swift */; };
		21B1C2C924EB49D300DD973F /* Document.swift in Sources */ = {isa = PBXBuildFile; fileRef = 21B1C2C824EB49D300DD973F /* Document.swift */; };
		21B1C2CB24EB4A4900DD973F /* DocumentViewControllerBridge.m in Sources */ = {isa = PBXBuildFile; fileRef = 21B1C2CA24EB4A4900DD973F /* DocumentViewControllerBridge.m */; };
		21B1C2CD24EB4A7700DD973F /* DocumentViewController.swift in Sources */ = {isa = PBXBuildFile; fileRef = 21B1C2CC24EB4A7700DD973F /* DocumentViewController.swift */; };
		21B1C2CF24EB4F9E00DD973F /* DocEvents.swift in Sources */ = {isa = PBXBuildFile; fileRef = 21B1C2CE24EB4F9E00DD973F /* DocEvents.swift */; };
		21B1C2D124EB530B00DD973F /* ReactNativeEventsBridge.m in Sources */ = {isa = PBXBuildFile; fileRef = 21B1C2D024EB530B00DD973F /* ReactNativeEventsBridge.m */; };
		21B1C2D424EC1C5200DD973F /* splashscreen.png in Resources */ = {isa = PBXBuildFile; fileRef = 21B1C2D324EC1C5200DD973F /* splashscreen.png */; };
		21B1C2DC24EC1C7700DD973F /* plottr_logo_10.png in Resources */ = {isa = PBXBuildFile; fileRef = 21B1C2D524EC1C7600DD973F /* plottr_logo_10.png */; };
		21B1C2DD24EC1C7700DD973F /* PlottrDocumentIcon58.png in Resources */ = {isa = PBXBuildFile; fileRef = 21B1C2D624EC1C7600DD973F /* PlottrDocumentIcon58.png */; };
		21B1C2DE24EC1C7700DD973F /* PlottrDocumentIcon320.png in Resources */ = {isa = PBXBuildFile; fileRef = 21B1C2D724EC1C7600DD973F /* PlottrDocumentIcon320.png */; };
		21B1C2DF24EC1C7700DD973F /* PlottrDocumentIcon64.png in Resources */ = {isa = PBXBuildFile; fileRef = 21B1C2D824EC1C7700DD973F /* PlottrDocumentIcon64.png */; };
		21B1C2E024EC1C7700DD973F /* plottr_logo_04.png in Resources */ = {isa = PBXBuildFile; fileRef = 21B1C2D924EC1C7700DD973F /* plottr_logo_04.png */; };
		21B1C2E124EC1C7700DD973F /* PlottrDocumentIcon.png in Resources */ = {isa = PBXBuildFile; fileRef = 21B1C2DA24EC1C7700DD973F /* PlottrDocumentIcon.png */; };
		21B1C2E224EC1C7700DD973F /* PlottrDocumentIcon29.png in Resources */ = {isa = PBXBuildFile; fileRef = 21B1C2DB24EC1C7700DD973F /* PlottrDocumentIcon29.png */; };
		21B1C2E424EC20B300DD973F /* ReactNativeEventEmitter.swift in Sources */ = {isa = PBXBuildFile; fileRef = 21B1C2E324EC20B300DD973F /* ReactNativeEventEmitter.swift */; };
		21C74E5A25CE01230010F1C3 /* StoreKit.framework in Frameworks */ = {isa = PBXBuildFile; fileRef = 21C74E5925CE01230010F1C3 /* StoreKit.framework */; };
		21F4B479251406E000ECB847 /* Launch Screen2.storyboard in Resources */ = {isa = PBXBuildFile; fileRef = 21F4B478251406E000ECB847 /* Launch Screen2.storyboard */; };
		2D02E4BD1E0B4A84006451C7 /* Images.xcassets in Resources */ = {isa = PBXBuildFile; fileRef = 13B07FB51A68108700A75B9A /* Images.xcassets */; };
		2DCD954D1E0B4F2C00145EB5 /* plottr_mobileTests.m in Sources */ = {isa = PBXBuildFile; fileRef = 00E356F21AD99517003FC87E /* plottr_mobileTests.m */; };
		317DD7C625AFDAD700F4BC7F /* OpenSans-ExtraBoldItalic.ttf in Resources */ = {isa = PBXBuildFile; fileRef = 317DD7BC25AFDAD700F4BC7F /* OpenSans-ExtraBoldItalic.ttf */; };
		317DD7C725AFDAD700F4BC7F /* OpenSans-Bold.ttf in Resources */ = {isa = PBXBuildFile; fileRef = 317DD7BD25AFDAD700F4BC7F /* OpenSans-Bold.ttf */; };
		317DD7C825AFDAD700F4BC7F /* OpenSans-SemiBold.ttf in Resources */ = {isa = PBXBuildFile; fileRef = 317DD7BE25AFDAD700F4BC7F /* OpenSans-SemiBold.ttf */; };
		317DD7C925AFDAD700F4BC7F /* OpenSans-Italic.ttf in Resources */ = {isa = PBXBuildFile; fileRef = 317DD7BF25AFDAD700F4BC7F /* OpenSans-Italic.ttf */; };
		317DD7CA25AFDAD700F4BC7F /* OpenSans-LightItalic.ttf in Resources */ = {isa = PBXBuildFile; fileRef = 317DD7C025AFDAD700F4BC7F /* OpenSans-LightItalic.ttf */; };
		317DD7CB25AFDAD700F4BC7F /* OpenSans-Regular.ttf in Resources */ = {isa = PBXBuildFile; fileRef = 317DD7C125AFDAD700F4BC7F /* OpenSans-Regular.ttf */; };
		317DD7CC25AFDAD700F4BC7F /* OpenSans-SemiBoldItalic.ttf in Resources */ = {isa = PBXBuildFile; fileRef = 317DD7C225AFDAD700F4BC7F /* OpenSans-SemiBoldItalic.ttf */; };
		317DD7CD25AFDAD700F4BC7F /* OpenSans-BoldItalic.ttf in Resources */ = {isa = PBXBuildFile; fileRef = 317DD7C325AFDAD700F4BC7F /* OpenSans-BoldItalic.ttf */; };
		317DD7CE25AFDAD700F4BC7F /* OpenSans-ExtraBold.ttf in Resources */ = {isa = PBXBuildFile; fileRef = 317DD7C425AFDAD700F4BC7F /* OpenSans-ExtraBold.ttf */; };
		317DD7CF25AFDAD700F4BC7F /* OpenSans-Light.ttf in Resources */ = {isa = PBXBuildFile; fileRef = 317DD7C525AFDAD700F4BC7F /* OpenSans-Light.ttf */; };
		414753B8ADF648B19E020503 /* AntDesign.ttf in Resources */ = {isa = PBXBuildFile; fileRef = 270AC610C72A435F880E2F02 /* AntDesign.ttf */; };
		44206FAAB5B7401790CD06AD /* FontAwesome5_Brands.ttf in Resources */ = {isa = PBXBuildFile; fileRef = E8A1BC9F3A2048338A779DC0 /* FontAwesome5_Brands.ttf */; };
		51E2E710F4C645A8A6D19A4C /* Foundation.ttf in Resources */ = {isa = PBXBuildFile; fileRef = 7861E69AF5F04499B2660B37 /* Foundation.ttf */; };
		5394274B97484BFBA99ECB4A /* FontAwesome5_Regular.ttf in Resources */ = {isa = PBXBuildFile; fileRef = 16F7F680687A475592AA5205 /* FontAwesome5_Regular.ttf */; };
		5F255DD32C9042168F28B0EE /* FontAwesome5_Solid.ttf in Resources */ = {isa = PBXBuildFile; fileRef = D7BF867DFEAB41D7A9BCFA44 /* FontAwesome5_Solid.ttf */; };
		60FCBB025AD94C21B7EE3B41 /* Octicons.ttf in Resources */ = {isa = PBXBuildFile; fileRef = 85021FD9E0894C65B9638377 /* Octicons.ttf */; };
		635F1DF0ACA145B99D94BA93 /* rubicon-icon-font.ttf in Resources */ = {isa = PBXBuildFile; fileRef = AFFA81451F124CC3A1B40B03 /* rubicon-icon-font.ttf */; };
		729B47D165435C5A3266E14C /* libPods-plottr_mobile-plottr_mobileTests.a in Frameworks */ = {isa = PBXBuildFile; fileRef = 4B1669A7619F8B5ED1E7149C /* libPods-plottr_mobile-plottr_mobileTests.a */; };
		795A47C58AC948C185B6350A /* EvilIcons.ttf in Resources */ = {isa = PBXBuildFile; fileRef = 7DA8601E21EB4AFB806EADC5 /* EvilIcons.ttf */; };
		819A267FA25B4AC39EF2B84D /* Feather.ttf in Resources */ = {isa = PBXBuildFile; fileRef = 96E2C64BE45A40469DCF2AE9 /* Feather.ttf */; };
		81AB9BB82411601600AC10FF /* LaunchScreen.storyboard in Resources */ = {isa = PBXBuildFile; fileRef = 81AB9BB72411601600AC10FF /* LaunchScreen.storyboard */; };
		869335C6043C4892BDE63820 /* SimpleLineIcons.ttf in Resources */ = {isa = PBXBuildFile; fileRef = D8ACFB82CE554C79B66BBD9D /* SimpleLineIcons.ttf */; };
		95E11C17979B48E8908E475A /* Roboto_medium.ttf in Resources */ = {isa = PBXBuildFile; fileRef = 8D0E8CB35988456483F3CCD7 /* Roboto_medium.ttf */; };
		977770F9B5924BA18E510FC7 /* Ionicons.ttf in Resources */ = {isa = PBXBuildFile; fileRef = 9E7633CD6C064FF58CC60C35 /* Ionicons.ttf */; };
		A91CD5E74B604491BF000E6E /* Roboto.ttf in Resources */ = {isa = PBXBuildFile; fileRef = 622CB4465C12433F99F6EAD2 /* Roboto.ttf */; };
		B42826967BE24A1DAB3DD682 /* MaterialCommunityIcons.ttf in Resources */ = {isa = PBXBuildFile; fileRef = 6DD01364E1834A40947F9C71 /* MaterialCommunityIcons.ttf */; };
		B469F776E227EC4611C9044A /* libPods-plottr_mobile-tvOSTests.a in Frameworks */ = {isa = PBXBuildFile; fileRef = EA7D50C633B2012F1CA91362 /* libPods-plottr_mobile-tvOSTests.a */; };
		BA24EE1E3229D40D5B4B980C /* libPods-plottr_mobile.a in Frameworks */ = {isa = PBXBuildFile; fileRef = B8B711D0EDAFF2FCB0E25A17 /* libPods-plottr_mobile.a */; };
		CC3DA438AAC7912A3DC9C53D /* libPods-plottr_mobile-tvOS.a in Frameworks */ = {isa = PBXBuildFile; fileRef = 14FF529FC062FED0B28A4CDF /* libPods-plottr_mobile-tvOS.a */; };
		DFC95B13B84F4A4382970BD3 /* MaterialIcons.ttf in Resources */ = {isa = PBXBuildFile; fileRef = 7242C2F5FC3A4C309FFDA5B2 /* MaterialIcons.ttf */; };
		E455089096A94B9791C6B608 /* Entypo.ttf in Resources */ = {isa = PBXBuildFile; fileRef = 3C4D4668A7854A19901DFC5A /* Entypo.ttf */; };
		F171753729EB46DC922C18BB /* Fontisto.ttf in Resources */ = {isa = PBXBuildFile; fileRef = 441C22FBD32B495F9A27BAB4 /* Fontisto.ttf */; };
/* End PBXBuildFile section */

/* Begin PBXContainerItemProxy section */
		00E356F41AD99517003FC87E /* PBXContainerItemProxy */ = {
			isa = PBXContainerItemProxy;
			containerPortal = 83CBB9F71A601CBA00E9B192 /* Project object */;
			proxyType = 1;
			remoteGlobalIDString = 13B07F861A680F5B00A75B9A;
			remoteInfo = plottr_mobile;
		};
		2D02E4911E0B4A5D006451C7 /* PBXContainerItemProxy */ = {
			isa = PBXContainerItemProxy;
			containerPortal = 83CBB9F71A601CBA00E9B192 /* Project object */;
			proxyType = 1;
			remoteGlobalIDString = 2D02E47A1E0B4A5D006451C7;
			remoteInfo = "plottr_mobile-tvOS";
		};
/* End PBXContainerItemProxy section */

/* Begin PBXFileReference section */
		008F07F21AC5B25A0029DE68 /* main.jsbundle */ = {isa = PBXFileReference; fileEncoding = 4; lastKnownFileType = text; path = main.jsbundle; sourceTree = "<group>"; };
		00E356EE1AD99517003FC87E /* plottr_mobileTests.xctest */ = {isa = PBXFileReference; explicitFileType = wrapper.cfbundle; includeInIndex = 0; path = plottr_mobileTests.xctest; sourceTree = BUILT_PRODUCTS_DIR; };
		00E356F11AD99517003FC87E /* Info.plist */ = {isa = PBXFileReference; lastKnownFileType = text.plist.xml; path = Info.plist; sourceTree = "<group>"; };
		00E356F21AD99517003FC87E /* plottr_mobileTests.m */ = {isa = PBXFileReference; lastKnownFileType = sourcecode.c.objc; path = plottr_mobileTests.m; sourceTree = "<group>"; };
		06D00DB9C5E942F08CB91BEC /* FontAwesome.ttf */ = {isa = PBXFileReference; explicitFileType = undefined; fileEncoding = 9; includeInIndex = 0; lastKnownFileType = unknown; name = FontAwesome.ttf; path = "../node_modules/native-base/Fonts/FontAwesome.ttf"; sourceTree = "<group>"; };
		13B07F961A680F5B00A75B9A /* plottr_mobile.app */ = {isa = PBXFileReference; explicitFileType = wrapper.application; includeInIndex = 0; path = plottr_mobile.app; sourceTree = BUILT_PRODUCTS_DIR; };
		13B07FB51A68108700A75B9A /* Images.xcassets */ = {isa = PBXFileReference; lastKnownFileType = folder.assetcatalog; name = Images.xcassets; path = plottr_mobile/Images.xcassets; sourceTree = "<group>"; };
		13B07FB61A68108700A75B9A /* Info.plist */ = {isa = PBXFileReference; fileEncoding = 4; lastKnownFileType = text.plist.xml; name = Info.plist; path = plottr_mobile/Info.plist; sourceTree = "<group>"; };
		1420E17BE28C42608F85D3ED /* Zocial.ttf */ = {isa = PBXFileReference; explicitFileType = undefined; fileEncoding = 9; includeInIndex = 0; lastKnownFileType = unknown; name = Zocial.ttf; path = "../node_modules/native-base/Fonts/Zocial.ttf"; sourceTree = "<group>"; };
		14FF529FC062FED0B28A4CDF /* libPods-plottr_mobile-tvOS.a */ = {isa = PBXFileReference; explicitFileType = archive.ar; includeInIndex = 0; path = "libPods-plottr_mobile-tvOS.a"; sourceTree = BUILT_PRODUCTS_DIR; };
		16F7F680687A475592AA5205 /* FontAwesome5_Regular.ttf */ = {isa = PBXFileReference; explicitFileType = undefined; fileEncoding = 9; includeInIndex = 0; lastKnownFileType = unknown; name = FontAwesome5_Regular.ttf; path = "../node_modules/native-base/Fonts/FontAwesome5_Regular.ttf"; sourceTree = "<group>"; };
		210A560525141FB5009849CE /* plottr_mobile.entitlements */ = {isa = PBXFileReference; lastKnownFileType = text.plist.entitlements; path = plottr_mobile.entitlements; sourceTree = "<group>"; };
		2137F2C3251B83F100D6A276 /* plottr_mobile.entitlements */ = {isa = PBXFileReference; lastKnownFileType = text.plist.entitlements; name = plottr_mobile.entitlements; path = plottr_mobile/plottr_mobile.entitlements; sourceTree = "<group>"; };
		21B1C2C124EB365E00DD973F /* DocumentBrowserBridge.m */ = {isa = PBXFileReference; lastKnownFileType = sourcecode.c.objc; name = DocumentBrowserBridge.m; path = plottr_mobile/DocumentBrowserBridge.m; sourceTree = "<group>"; };
		21B1C2C324EB384500DD973F /* plottr_mobile-Bridging-Header.h */ = {isa = PBXFileReference; lastKnownFileType = sourcecode.c.h; path = "plottr_mobile-Bridging-Header.h"; sourceTree = "<group>"; };
		21B1C2C424EB384500DD973F /* DocumentBrowser.swift */ = {isa = PBXFileReference; lastKnownFileType = sourcecode.swift; name = DocumentBrowser.swift; path = plottr_mobile/DocumentBrowser.swift; sourceTree = "<group>"; };
		21B1C2C624EB3D9C00DD973F /* AppDelegate.swift */ = {isa = PBXFileReference; lastKnownFileType = sourcecode.swift; name = AppDelegate.swift; path = plottr_mobile/AppDelegate.swift; sourceTree = "<group>"; };
		21B1C2C824EB49D300DD973F /* Document.swift */ = {isa = PBXFileReference; lastKnownFileType = sourcecode.swift; name = Document.swift; path = plottr_mobile/Document.swift; sourceTree = "<group>"; };
		21B1C2CA24EB4A4900DD973F /* DocumentViewControllerBridge.m */ = {isa = PBXFileReference; lastKnownFileType = sourcecode.c.objc; name = DocumentViewControllerBridge.m; path = plottr_mobile/DocumentViewControllerBridge.m; sourceTree = "<group>"; };
		21B1C2CC24EB4A7700DD973F /* DocumentViewController.swift */ = {isa = PBXFileReference; lastKnownFileType = sourcecode.swift; name = DocumentViewController.swift; path = plottr_mobile/DocumentViewController.swift; sourceTree = "<group>"; };
		21B1C2CE24EB4F9E00DD973F /* DocEvents.swift */ = {isa = PBXFileReference; lastKnownFileType = sourcecode.swift; name = DocEvents.swift; path = plottr_mobile/DocEvents.swift; sourceTree = "<group>"; };
		21B1C2D024EB530B00DD973F /* ReactNativeEventsBridge.m */ = {isa = PBXFileReference; lastKnownFileType = sourcecode.c.objc; name = ReactNativeEventsBridge.m; path = plottr_mobile/ReactNativeEventsBridge.m; sourceTree = "<group>"; };
		21B1C2D324EC1C5200DD973F /* splashscreen.png */ = {isa = PBXFileReference; lastKnownFileType = image.png; path = splashscreen.png; sourceTree = "<group>"; };
		21B1C2D524EC1C7600DD973F /* plottr_logo_10.png */ = {isa = PBXFileReference; lastKnownFileType = image.png; path = plottr_logo_10.png; sourceTree = "<group>"; };
		21B1C2D624EC1C7600DD973F /* PlottrDocumentIcon58.png */ = {isa = PBXFileReference; lastKnownFileType = image.png; path = PlottrDocumentIcon58.png; sourceTree = "<group>"; };
		21B1C2D724EC1C7600DD973F /* PlottrDocumentIcon320.png */ = {isa = PBXFileReference; lastKnownFileType = image.png; path = PlottrDocumentIcon320.png; sourceTree = "<group>"; };
		21B1C2D824EC1C7700DD973F /* PlottrDocumentIcon64.png */ = {isa = PBXFileReference; lastKnownFileType = image.png; path = PlottrDocumentIcon64.png; sourceTree = "<group>"; };
		21B1C2D924EC1C7700DD973F /* plottr_logo_04.png */ = {isa = PBXFileReference; lastKnownFileType = image.png; path = plottr_logo_04.png; sourceTree = "<group>"; };
		21B1C2DA24EC1C7700DD973F /* PlottrDocumentIcon.png */ = {isa = PBXFileReference; lastKnownFileType = image.png; path = PlottrDocumentIcon.png; sourceTree = "<group>"; };
		21B1C2DB24EC1C7700DD973F /* PlottrDocumentIcon29.png */ = {isa = PBXFileReference; lastKnownFileType = image.png; path = PlottrDocumentIcon29.png; sourceTree = "<group>"; };
		21B1C2E324EC20B300DD973F /* ReactNativeEventEmitter.swift */ = {isa = PBXFileReference; lastKnownFileType = sourcecode.swift; name = ReactNativeEventEmitter.swift; path = plottr_mobile/ReactNativeEventEmitter.swift; sourceTree = "<group>"; };
		21C74E5925CE01230010F1C3 /* StoreKit.framework */ = {isa = PBXFileReference; lastKnownFileType = wrapper.framework; name = StoreKit.framework; path = System/Library/Frameworks/StoreKit.framework; sourceTree = SDKROOT; };
		21F4B478251406E000ECB847 /* Launch Screen2.storyboard */ = {isa = PBXFileReference; fileEncoding = 4; lastKnownFileType = file.storyboard; path = "Launch Screen2.storyboard"; sourceTree = "<group>"; };
		25E04417557472983D62CAC3 /* Pods-plottr_mobile-plottr_mobileTests.release.xcconfig */ = {isa = PBXFileReference; includeInIndex = 1; lastKnownFileType = text.xcconfig; name = "Pods-plottr_mobile-plottr_mobileTests.release.xcconfig"; path = "Target Support Files/Pods-plottr_mobile-plottr_mobileTests/Pods-plottr_mobile-plottr_mobileTests.release.xcconfig"; sourceTree = "<group>"; };
		270AC610C72A435F880E2F02 /* AntDesign.ttf */ = {isa = PBXFileReference; explicitFileType = undefined; fileEncoding = 9; includeInIndex = 0; lastKnownFileType = unknown; name = AntDesign.ttf; path = "../node_modules/native-base/Fonts/AntDesign.ttf"; sourceTree = "<group>"; };
		2D02E47B1E0B4A5D006451C7 /* plottr_mobile-tvOS.app */ = {isa = PBXFileReference; explicitFileType = wrapper.application; includeInIndex = 0; path = "plottr_mobile-tvOS.app"; sourceTree = BUILT_PRODUCTS_DIR; };
		2D02E4901E0B4A5D006451C7 /* plottr_mobile-tvOSTests.xctest */ = {isa = PBXFileReference; explicitFileType = wrapper.cfbundle; includeInIndex = 0; path = "plottr_mobile-tvOSTests.xctest"; sourceTree = BUILT_PRODUCTS_DIR; };
		317DD7BC25AFDAD700F4BC7F /* OpenSans-ExtraBoldItalic.ttf */ = {isa = PBXFileReference; lastKnownFileType = file; name = "OpenSans-ExtraBoldItalic.ttf"; path = "../../src/fonts/opensans/OpenSans-ExtraBoldItalic.ttf"; sourceTree = "<group>"; };
		317DD7BD25AFDAD700F4BC7F /* OpenSans-Bold.ttf */ = {isa = PBXFileReference; lastKnownFileType = file; name = "OpenSans-Bold.ttf"; path = "../../src/fonts/opensans/OpenSans-Bold.ttf"; sourceTree = "<group>"; };
		317DD7BE25AFDAD700F4BC7F /* OpenSans-SemiBold.ttf */ = {isa = PBXFileReference; lastKnownFileType = file; name = "OpenSans-SemiBold.ttf"; path = "../../src/fonts/opensans/OpenSans-SemiBold.ttf"; sourceTree = "<group>"; };
		317DD7BF25AFDAD700F4BC7F /* OpenSans-Italic.ttf */ = {isa = PBXFileReference; lastKnownFileType = file; name = "OpenSans-Italic.ttf"; path = "../../src/fonts/opensans/OpenSans-Italic.ttf"; sourceTree = "<group>"; };
		317DD7C025AFDAD700F4BC7F /* OpenSans-LightItalic.ttf */ = {isa = PBXFileReference; lastKnownFileType = file; name = "OpenSans-LightItalic.ttf"; path = "../../src/fonts/opensans/OpenSans-LightItalic.ttf"; sourceTree = "<group>"; };
		317DD7C125AFDAD700F4BC7F /* OpenSans-Regular.ttf */ = {isa = PBXFileReference; lastKnownFileType = file; name = "OpenSans-Regular.ttf"; path = "../../src/fonts/opensans/OpenSans-Regular.ttf"; sourceTree = "<group>"; };
		317DD7C225AFDAD700F4BC7F /* OpenSans-SemiBoldItalic.ttf */ = {isa = PBXFileReference; lastKnownFileType = file; name = "OpenSans-SemiBoldItalic.ttf"; path = "../../src/fonts/opensans/OpenSans-SemiBoldItalic.ttf"; sourceTree = "<group>"; };
		317DD7C325AFDAD700F4BC7F /* OpenSans-BoldItalic.ttf */ = {isa = PBXFileReference; lastKnownFileType = file; name = "OpenSans-BoldItalic.ttf"; path = "../../src/fonts/opensans/OpenSans-BoldItalic.ttf"; sourceTree = "<group>"; };
		317DD7C425AFDAD700F4BC7F /* OpenSans-ExtraBold.ttf */ = {isa = PBXFileReference; lastKnownFileType = file; name = "OpenSans-ExtraBold.ttf"; path = "../../src/fonts/opensans/OpenSans-ExtraBold.ttf"; sourceTree = "<group>"; };
		317DD7C525AFDAD700F4BC7F /* OpenSans-Light.ttf */ = {isa = PBXFileReference; lastKnownFileType = file; name = "OpenSans-Light.ttf"; path = "../../src/fonts/opensans/OpenSans-Light.ttf"; sourceTree = "<group>"; };
		3A4BC125BCC028219857D74E /* Pods-plottr_mobile.debug.xcconfig */ = {isa = PBXFileReference; includeInIndex = 1; lastKnownFileType = text.xcconfig; name = "Pods-plottr_mobile.debug.xcconfig"; path = "Target Support Files/Pods-plottr_mobile/Pods-plottr_mobile.debug.xcconfig"; sourceTree = "<group>"; };
		3C4D4668A7854A19901DFC5A /* Entypo.ttf */ = {isa = PBXFileReference; explicitFileType = undefined; fileEncoding = 9; includeInIndex = 0; lastKnownFileType = unknown; name = Entypo.ttf; path = "../node_modules/native-base/Fonts/Entypo.ttf"; sourceTree = "<group>"; };
		441C22FBD32B495F9A27BAB4 /* Fontisto.ttf */ = {isa = PBXFileReference; explicitFileType = undefined; fileEncoding = 9; includeInIndex = 0; lastKnownFileType = unknown; name = Fontisto.ttf; path = "../node_modules/native-base/Fonts/Fontisto.ttf"; sourceTree = "<group>"; };
		4B1669A7619F8B5ED1E7149C /* libPods-plottr_mobile-plottr_mobileTests.a */ = {isa = PBXFileReference; explicitFileType = archive.ar; includeInIndex = 0; path = "libPods-plottr_mobile-plottr_mobileTests.a"; sourceTree = BUILT_PRODUCTS_DIR; };
		4F69BF56FA7267400CB75BE8 /* Pods-plottr_mobile-tvOSTests.debug.xcconfig */ = {isa = PBXFileReference; includeInIndex = 1; lastKnownFileType = text.xcconfig; name = "Pods-plottr_mobile-tvOSTests.debug.xcconfig"; path = "Target Support Files/Pods-plottr_mobile-tvOSTests/Pods-plottr_mobile-tvOSTests.debug.xcconfig"; sourceTree = "<group>"; };
		5D734D53B9E2ABCD7043B6EA /* Pods-plottr_mobile-tvOS.release.xcconfig */ = {isa = PBXFileReference; includeInIndex = 1; lastKnownFileType = text.xcconfig; name = "Pods-plottr_mobile-tvOS.release.xcconfig"; path = "Target Support Files/Pods-plottr_mobile-tvOS/Pods-plottr_mobile-tvOS.release.xcconfig"; sourceTree = "<group>"; };
		622CB4465C12433F99F6EAD2 /* Roboto.ttf */ = {isa = PBXFileReference; explicitFileType = undefined; fileEncoding = 9; includeInIndex = 0; lastKnownFileType = unknown; name = Roboto.ttf; path = "../node_modules/native-base/Fonts/Roboto.ttf"; sourceTree = "<group>"; };
		6DD01364E1834A40947F9C71 /* MaterialCommunityIcons.ttf */ = {isa = PBXFileReference; explicitFileType = undefined; fileEncoding = 9; includeInIndex = 0; lastKnownFileType = unknown; name = MaterialCommunityIcons.ttf; path = "../node_modules/native-base/Fonts/MaterialCommunityIcons.ttf"; sourceTree = "<group>"; };
		7242C2F5FC3A4C309FFDA5B2 /* MaterialIcons.ttf */ = {isa = PBXFileReference; explicitFileType = undefined; fileEncoding = 9; includeInIndex = 0; lastKnownFileType = unknown; name = MaterialIcons.ttf; path = "../node_modules/native-base/Fonts/MaterialIcons.ttf"; sourceTree = "<group>"; };
		75EFFAB8A673D9E1D544192C /* Pods-plottr_mobile-tvOSTests.release.xcconfig */ = {isa = PBXFileReference; includeInIndex = 1; lastKnownFileType = text.xcconfig; name = "Pods-plottr_mobile-tvOSTests.release.xcconfig"; path = "Target Support Files/Pods-plottr_mobile-tvOSTests/Pods-plottr_mobile-tvOSTests.release.xcconfig"; sourceTree = "<group>"; };
		7695F4BAD6856B590C444107 /* Pods-plottr_mobile.release.xcconfig */ = {isa = PBXFileReference; includeInIndex = 1; lastKnownFileType = text.xcconfig; name = "Pods-plottr_mobile.release.xcconfig"; path = "Target Support Files/Pods-plottr_mobile/Pods-plottr_mobile.release.xcconfig"; sourceTree = "<group>"; };
		7861E69AF5F04499B2660B37 /* Foundation.ttf */ = {isa = PBXFileReference; explicitFileType = undefined; fileEncoding = 9; includeInIndex = 0; lastKnownFileType = unknown; name = Foundation.ttf; path = "../node_modules/native-base/Fonts/Foundation.ttf"; sourceTree = "<group>"; };
		7DA8601E21EB4AFB806EADC5 /* EvilIcons.ttf */ = {isa = PBXFileReference; explicitFileType = undefined; fileEncoding = 9; includeInIndex = 0; lastKnownFileType = unknown; name = EvilIcons.ttf; path = "../node_modules/native-base/Fonts/EvilIcons.ttf"; sourceTree = "<group>"; };
		81AB9BB72411601600AC10FF /* LaunchScreen.storyboard */ = {isa = PBXFileReference; fileEncoding = 4; lastKnownFileType = file.storyboard; name = LaunchScreen.storyboard; path = plottr_mobile/LaunchScreen.storyboard; sourceTree = "<group>"; };
		85021FD9E0894C65B9638377 /* Octicons.ttf */ = {isa = PBXFileReference; explicitFileType = undefined; fileEncoding = 9; includeInIndex = 0; lastKnownFileType = unknown; name = Octicons.ttf; path = "../node_modules/native-base/Fonts/Octicons.ttf"; sourceTree = "<group>"; };
		8D0E8CB35988456483F3CCD7 /* Roboto_medium.ttf */ = {isa = PBXFileReference; explicitFileType = undefined; fileEncoding = 9; includeInIndex = 0; lastKnownFileType = unknown; name = Roboto_medium.ttf; path = "../node_modules/native-base/Fonts/Roboto_medium.ttf"; sourceTree = "<group>"; };
		96E2C64BE45A40469DCF2AE9 /* Feather.ttf */ = {isa = PBXFileReference; explicitFileType = undefined; fileEncoding = 9; includeInIndex = 0; lastKnownFileType = unknown; name = Feather.ttf; path = "../node_modules/native-base/Fonts/Feather.ttf"; sourceTree = "<group>"; };
		9E7633CD6C064FF58CC60C35 /* Ionicons.ttf */ = {isa = PBXFileReference; explicitFileType = undefined; fileEncoding = 9; includeInIndex = 0; lastKnownFileType = unknown; name = Ionicons.ttf; path = "../node_modules/native-base/Fonts/Ionicons.ttf"; sourceTree = "<group>"; };
		A0C25A63EA39471EB1171725 /* Pods-plottr_mobile-tvOS.debug.xcconfig */ = {isa = PBXFileReference; includeInIndex = 1; lastKnownFileType = text.xcconfig; name = "Pods-plottr_mobile-tvOS.debug.xcconfig"; path = "Target Support Files/Pods-plottr_mobile-tvOS/Pods-plottr_mobile-tvOS.debug.xcconfig"; sourceTree = "<group>"; };
		AFFA81451F124CC3A1B40B03 /* rubicon-icon-font.ttf */ = {isa = PBXFileReference; explicitFileType = undefined; fileEncoding = 9; includeInIndex = 0; lastKnownFileType = unknown; name = "rubicon-icon-font.ttf"; path = "../node_modules/native-base/Fonts/rubicon-icon-font.ttf"; sourceTree = "<group>"; };
		B8B711D0EDAFF2FCB0E25A17 /* libPods-plottr_mobile.a */ = {isa = PBXFileReference; explicitFileType = archive.ar; includeInIndex = 0; path = "libPods-plottr_mobile.a"; sourceTree = BUILT_PRODUCTS_DIR; };
		BC47959765C7647E29A3611D /* Pods-plottr_mobile-plottr_mobileTests.debug.xcconfig */ = {isa = PBXFileReference; includeInIndex = 1; lastKnownFileType = text.xcconfig; name = "Pods-plottr_mobile-plottr_mobileTests.debug.xcconfig"; path = "Target Support Files/Pods-plottr_mobile-plottr_mobileTests/Pods-plottr_mobile-plottr_mobileTests.debug.xcconfig"; sourceTree = "<group>"; };
		D7BF867DFEAB41D7A9BCFA44 /* FontAwesome5_Solid.ttf */ = {isa = PBXFileReference; explicitFileType = undefined; fileEncoding = 9; includeInIndex = 0; lastKnownFileType = unknown; name = FontAwesome5_Solid.ttf; path = "../node_modules/native-base/Fonts/FontAwesome5_Solid.ttf"; sourceTree = "<group>"; };
		D8ACFB82CE554C79B66BBD9D /* SimpleLineIcons.ttf */ = {isa = PBXFileReference; explicitFileType = undefined; fileEncoding = 9; includeInIndex = 0; lastKnownFileType = unknown; name = SimpleLineIcons.ttf; path = "../node_modules/native-base/Fonts/SimpleLineIcons.ttf"; sourceTree = "<group>"; };
		E8A1BC9F3A2048338A779DC0 /* FontAwesome5_Brands.ttf */ = {isa = PBXFileReference; explicitFileType = undefined; fileEncoding = 9; includeInIndex = 0; lastKnownFileType = unknown; name = FontAwesome5_Brands.ttf; path = "../node_modules/native-base/Fonts/FontAwesome5_Brands.ttf"; sourceTree = "<group>"; };
		EA7D50C633B2012F1CA91362 /* libPods-plottr_mobile-tvOSTests.a */ = {isa = PBXFileReference; explicitFileType = archive.ar; includeInIndex = 0; path = "libPods-plottr_mobile-tvOSTests.a"; sourceTree = BUILT_PRODUCTS_DIR; };
		ED297162215061F000B7C4FE /* JavaScriptCore.framework */ = {isa = PBXFileReference; lastKnownFileType = wrapper.framework; name = JavaScriptCore.framework; path = System/Library/Frameworks/JavaScriptCore.framework; sourceTree = SDKROOT; };
		ED2971642150620600B7C4FE /* JavaScriptCore.framework */ = {isa = PBXFileReference; lastKnownFileType = wrapper.framework; name = JavaScriptCore.framework; path = Platforms/AppleTVOS.platform/Developer/SDKs/AppleTVOS12.0.sdk/System/Library/Frameworks/JavaScriptCore.framework; sourceTree = DEVELOPER_DIR; };
/* End PBXFileReference section */

/* Begin PBXFrameworksBuildPhase section */
		00E356EB1AD99517003FC87E /* Frameworks */ = {
			isa = PBXFrameworksBuildPhase;
			buildActionMask = 2147483647;
			files = (
				729B47D165435C5A3266E14C /* libPods-plottr_mobile-plottr_mobileTests.a in Frameworks */,
			);
			runOnlyForDeploymentPostprocessing = 0;
		};
		13B07F8C1A680F5B00A75B9A /* Frameworks */ = {
			isa = PBXFrameworksBuildPhase;
			buildActionMask = 2147483647;
			files = (
				BA24EE1E3229D40D5B4B980C /* libPods-plottr_mobile.a in Frameworks */,
				21C74E5A25CE01230010F1C3 /* StoreKit.framework in Frameworks */,
			);
			runOnlyForDeploymentPostprocessing = 0;
		};
		2D02E4781E0B4A5D006451C7 /* Frameworks */ = {
			isa = PBXFrameworksBuildPhase;
			buildActionMask = 2147483647;
			files = (
				CC3DA438AAC7912A3DC9C53D /* libPods-plottr_mobile-tvOS.a in Frameworks */,
			);
			runOnlyForDeploymentPostprocessing = 0;
		};
		2D02E48D1E0B4A5D006451C7 /* Frameworks */ = {
			isa = PBXFrameworksBuildPhase;
			buildActionMask = 2147483647;
			files = (
				B469F776E227EC4611C9044A /* libPods-plottr_mobile-tvOSTests.a in Frameworks */,
			);
			runOnlyForDeploymentPostprocessing = 0;
		};
/* End PBXFrameworksBuildPhase section */

/* Begin PBXGroup section */
		00E356EF1AD99517003FC87E /* plottr_mobileTests */ = {
			isa = PBXGroup;
			children = (
				00E356F21AD99517003FC87E /* plottr_mobileTests.m */,
				00E356F01AD99517003FC87E /* Supporting Files */,
			);
			path = plottr_mobileTests;
			sourceTree = "<group>";
		};
		00E356F01AD99517003FC87E /* Supporting Files */ = {
			isa = PBXGroup;
			children = (
				00E356F11AD99517003FC87E /* Info.plist */,
			);
			name = "Supporting Files";
			sourceTree = "<group>";
		};
		13B07FAE1A68108700A75B9A /* plottr_mobile */ = {
			isa = PBXGroup;
			children = (
				2137F2C3251B83F100D6A276 /* plottr_mobile.entitlements */,
				21B1C2C024EB35ED00DD973F /* Bridges */,
				21B1C2C624EB3D9C00DD973F /* AppDelegate.swift */,
				13B07FB61A68108700A75B9A /* Info.plist */,
				008F07F21AC5B25A0029DE68 /* main.jsbundle */,
				13B07FB51A68108700A75B9A /* Images.xcassets */,
				210A560525141FB5009849CE /* plottr_mobile.entitlements */,
				81AB9BB72411601600AC10FF /* LaunchScreen.storyboard */,
				21F4B478251406E000ECB847 /* Launch Screen2.storyboard */,
				21B1C2D324EC1C5200DD973F /* splashscreen.png */,
				21B1C2D924EC1C7700DD973F /* plottr_logo_04.png */,
				21B1C2D524EC1C7600DD973F /* plottr_logo_10.png */,
				21B1C2DA24EC1C7700DD973F /* PlottrDocumentIcon.png */,
				21B1C2DB24EC1C7700DD973F /* PlottrDocumentIcon29.png */,
				21B1C2D624EC1C7600DD973F /* PlottrDocumentIcon58.png */,
				21B1C2D824EC1C7700DD973F /* PlottrDocumentIcon64.png */,
				21B1C2D724EC1C7600DD973F /* PlottrDocumentIcon320.png */,
			);
			name = plottr_mobile;
			sourceTree = "<group>";
		};
		21B1C2C024EB35ED00DD973F /* Bridges */ = {
			isa = PBXGroup;
			children = (
				21B1C2C124EB365E00DD973F /* DocumentBrowserBridge.m */,
				21B1C2C424EB384500DD973F /* DocumentBrowser.swift */,
				21B1C2C324EB384500DD973F /* plottr_mobile-Bridging-Header.h */,
				21B1C2C824EB49D300DD973F /* Document.swift */,
				21B1C2CA24EB4A4900DD973F /* DocumentViewControllerBridge.m */,
				21B1C2CC24EB4A7700DD973F /* DocumentViewController.swift */,
				21B1C2CE24EB4F9E00DD973F /* DocEvents.swift */,
				21B1C2D024EB530B00DD973F /* ReactNativeEventsBridge.m */,
				21B1C2E324EC20B300DD973F /* ReactNativeEventEmitter.swift */,
			);
			name = Bridges;
			sourceTree = "<group>";
		};
		2D16E6871FA4F8E400B85C8A /* Frameworks */ = {
			isa = PBXGroup;
			children = (
				21C74E5925CE01230010F1C3 /* StoreKit.framework */,
				ED297162215061F000B7C4FE /* JavaScriptCore.framework */,
				ED2971642150620600B7C4FE /* JavaScriptCore.framework */,
				B8B711D0EDAFF2FCB0E25A17 /* libPods-plottr_mobile.a */,
				4B1669A7619F8B5ED1E7149C /* libPods-plottr_mobile-plottr_mobileTests.a */,
				14FF529FC062FED0B28A4CDF /* libPods-plottr_mobile-tvOS.a */,
				EA7D50C633B2012F1CA91362 /* libPods-plottr_mobile-tvOSTests.a */,
			);
			name = Frameworks;
			sourceTree = "<group>";
		};
		317DD7BB25AFDA7A00F4BC7F /* Fonts */ = {
			isa = PBXGroup;
			children = (
				317DD7BD25AFDAD700F4BC7F /* OpenSans-Bold.ttf */,
				317DD7C325AFDAD700F4BC7F /* OpenSans-BoldItalic.ttf */,
				317DD7C425AFDAD700F4BC7F /* OpenSans-ExtraBold.ttf */,
				317DD7BC25AFDAD700F4BC7F /* OpenSans-ExtraBoldItalic.ttf */,
				317DD7BF25AFDAD700F4BC7F /* OpenSans-Italic.ttf */,
				317DD7C525AFDAD700F4BC7F /* OpenSans-Light.ttf */,
				317DD7C025AFDAD700F4BC7F /* OpenSans-LightItalic.ttf */,
				317DD7C125AFDAD700F4BC7F /* OpenSans-Regular.ttf */,
				317DD7BE25AFDAD700F4BC7F /* OpenSans-SemiBold.ttf */,
				317DD7C225AFDAD700F4BC7F /* OpenSans-SemiBoldItalic.ttf */,
			);
			path = Fonts;
			sourceTree = "<group>";
		};
		4B0E78BFF05F4658922276E6 /* Resources */ = {
			isa = PBXGroup;
			children = (
				270AC610C72A435F880E2F02 /* AntDesign.ttf */,
				3C4D4668A7854A19901DFC5A /* Entypo.ttf */,
				7DA8601E21EB4AFB806EADC5 /* EvilIcons.ttf */,
				96E2C64BE45A40469DCF2AE9 /* Feather.ttf */,
				06D00DB9C5E942F08CB91BEC /* FontAwesome.ttf */,
				E8A1BC9F3A2048338A779DC0 /* FontAwesome5_Brands.ttf */,
				16F7F680687A475592AA5205 /* FontAwesome5_Regular.ttf */,
				D7BF867DFEAB41D7A9BCFA44 /* FontAwesome5_Solid.ttf */,
				441C22FBD32B495F9A27BAB4 /* Fontisto.ttf */,
				7861E69AF5F04499B2660B37 /* Foundation.ttf */,
				9E7633CD6C064FF58CC60C35 /* Ionicons.ttf */,
				6DD01364E1834A40947F9C71 /* MaterialCommunityIcons.ttf */,
				7242C2F5FC3A4C309FFDA5B2 /* MaterialIcons.ttf */,
				85021FD9E0894C65B9638377 /* Octicons.ttf */,
				8D0E8CB35988456483F3CCD7 /* Roboto_medium.ttf */,
				622CB4465C12433F99F6EAD2 /* Roboto.ttf */,
				AFFA81451F124CC3A1B40B03 /* rubicon-icon-font.ttf */,
				D8ACFB82CE554C79B66BBD9D /* SimpleLineIcons.ttf */,
				1420E17BE28C42608F85D3ED /* Zocial.ttf */,
			);
			name = Resources;
			sourceTree = "<group>";
		};
		832341AE1AAA6A7D00B99B32 /* Libraries */ = {
			isa = PBXGroup;
			children = (
			);
			name = Libraries;
			sourceTree = "<group>";
		};
		83CBB9F61A601CBA00E9B192 = {
			isa = PBXGroup;
			children = (
				317DD7BB25AFDA7A00F4BC7F /* Fonts */,
				13B07FAE1A68108700A75B9A /* plottr_mobile */,
				832341AE1AAA6A7D00B99B32 /* Libraries */,
				00E356EF1AD99517003FC87E /* plottr_mobileTests */,
				83CBBA001A601CBA00E9B192 /* Products */,
				2D16E6871FA4F8E400B85C8A /* Frameworks */,
				95436360514DEFE289EB583A /* Pods */,
				4B0E78BFF05F4658922276E6 /* Resources */,
			);
			indentWidth = 2;
			sourceTree = "<group>";
			tabWidth = 2;
			usesTabs = 0;
		};
		83CBBA001A601CBA00E9B192 /* Products */ = {
			isa = PBXGroup;
			children = (
				13B07F961A680F5B00A75B9A /* plottr_mobile.app */,
				00E356EE1AD99517003FC87E /* plottr_mobileTests.xctest */,
				2D02E47B1E0B4A5D006451C7 /* plottr_mobile-tvOS.app */,
				2D02E4901E0B4A5D006451C7 /* plottr_mobile-tvOSTests.xctest */,
			);
			name = Products;
			sourceTree = "<group>";
		};
		95436360514DEFE289EB583A /* Pods */ = {
			isa = PBXGroup;
			children = (
				3A4BC125BCC028219857D74E /* Pods-plottr_mobile.debug.xcconfig */,
				7695F4BAD6856B590C444107 /* Pods-plottr_mobile.release.xcconfig */,
				BC47959765C7647E29A3611D /* Pods-plottr_mobile-plottr_mobileTests.debug.xcconfig */,
				25E04417557472983D62CAC3 /* Pods-plottr_mobile-plottr_mobileTests.release.xcconfig */,
				A0C25A63EA39471EB1171725 /* Pods-plottr_mobile-tvOS.debug.xcconfig */,
				5D734D53B9E2ABCD7043B6EA /* Pods-plottr_mobile-tvOS.release.xcconfig */,
				4F69BF56FA7267400CB75BE8 /* Pods-plottr_mobile-tvOSTests.debug.xcconfig */,
				75EFFAB8A673D9E1D544192C /* Pods-plottr_mobile-tvOSTests.release.xcconfig */,
			);
			path = Pods;
			sourceTree = "<group>";
		};
/* End PBXGroup section */

/* Begin PBXNativeTarget section */
		00E356ED1AD99517003FC87E /* plottr_mobileTests */ = {
			isa = PBXNativeTarget;
			buildConfigurationList = 00E357021AD99517003FC87E /* Build configuration list for PBXNativeTarget "plottr_mobileTests" */;
			buildPhases = (
				57DFA329DA1098B3BF731902 /* [CP] Check Pods Manifest.lock */,
				00E356EA1AD99517003FC87E /* Sources */,
				00E356EB1AD99517003FC87E /* Frameworks */,
				00E356EC1AD99517003FC87E /* Resources */,
				FDB766087081559073C9A648 /* [CP] Copy Pods Resources */,
			);
			buildRules = (
			);
			dependencies = (
				00E356F51AD99517003FC87E /* PBXTargetDependency */,
			);
			name = plottr_mobileTests;
			productName = plottr_mobileTests;
			productReference = 00E356EE1AD99517003FC87E /* plottr_mobileTests.xctest */;
			productType = "com.apple.product-type.bundle.unit-test";
		};
		13B07F861A680F5B00A75B9A /* plottr_mobile */ = {
			isa = PBXNativeTarget;
			buildConfigurationList = 13B07F931A680F5B00A75B9A /* Build configuration list for PBXNativeTarget "plottr_mobile" */;
			buildPhases = (
				99C66A8D4853CA13E03BF6AE /* [CP] Check Pods Manifest.lock */,
				FD10A7F022414F080027D42C /* Start Packager */,
				13B07F871A680F5B00A75B9A /* Sources */,
				13B07F8C1A680F5B00A75B9A /* Frameworks */,
				13B07F8E1A680F5B00A75B9A /* Resources */,
				00DD1BFF1BD5951E006B06BC /* Bundle React Native code and images */,
				B3F3C9F33CF3F3539A9F2819 /* [CP] Copy Pods Resources */,
			);
			buildRules = (
			);
			dependencies = (
			);
			name = plottr_mobile;
			productName = plottr_mobile;
			productReference = 13B07F961A680F5B00A75B9A /* plottr_mobile.app */;
			productType = "com.apple.product-type.application";
		};
		2D02E47A1E0B4A5D006451C7 /* plottr_mobile-tvOS */ = {
			isa = PBXNativeTarget;
			buildConfigurationList = 2D02E4BA1E0B4A5E006451C7 /* Build configuration list for PBXNativeTarget "plottr_mobile-tvOS" */;
			buildPhases = (
				F9C569C4778EF6685F92C639 /* [CP] Check Pods Manifest.lock */,
				FD10A7F122414F3F0027D42C /* Start Packager */,
				2D02E4771E0B4A5D006451C7 /* Sources */,
				2D02E4781E0B4A5D006451C7 /* Frameworks */,
				2D02E4791E0B4A5D006451C7 /* Resources */,
				2D02E4CB1E0B4B27006451C7 /* Bundle React Native Code And Images */,
			);
			buildRules = (
			);
			dependencies = (
			);
			name = "plottr_mobile-tvOS";
			productName = "plottr_mobile-tvOS";
			productReference = 2D02E47B1E0B4A5D006451C7 /* plottr_mobile-tvOS.app */;
			productType = "com.apple.product-type.application";
		};
		2D02E48F1E0B4A5D006451C7 /* plottr_mobile-tvOSTests */ = {
			isa = PBXNativeTarget;
			buildConfigurationList = 2D02E4BB1E0B4A5E006451C7 /* Build configuration list for PBXNativeTarget "plottr_mobile-tvOSTests" */;
			buildPhases = (
				4B156679635758B1F6A31634 /* [CP] Check Pods Manifest.lock */,
				2D02E48C1E0B4A5D006451C7 /* Sources */,
				2D02E48D1E0B4A5D006451C7 /* Frameworks */,
				2D02E48E1E0B4A5D006451C7 /* Resources */,
			);
			buildRules = (
			);
			dependencies = (
				2D02E4921E0B4A5D006451C7 /* PBXTargetDependency */,
			);
			name = "plottr_mobile-tvOSTests";
			productName = "plottr_mobile-tvOSTests";
			productReference = 2D02E4901E0B4A5D006451C7 /* plottr_mobile-tvOSTests.xctest */;
			productType = "com.apple.product-type.bundle.unit-test";
		};
/* End PBXNativeTarget section */

/* Begin PBXProject section */
		83CBB9F71A601CBA00E9B192 /* Project object */ = {
			isa = PBXProject;
			attributes = {
				LastUpgradeCheck = 1130;
				TargetAttributes = {
					00E356ED1AD99517003FC87E = {
						CreatedOnToolsVersion = 6.2;
						TestTargetID = 13B07F861A680F5B00A75B9A;
					};
					13B07F861A680F5B00A75B9A = {
						DevelopmentTeam = H8PJ35QS3D;
						LastSwiftMigration = 1160;
					};
					2D02E47A1E0B4A5D006451C7 = {
						CreatedOnToolsVersion = 8.2.1;
						ProvisioningStyle = Automatic;
					};
					2D02E48F1E0B4A5D006451C7 = {
						CreatedOnToolsVersion = 8.2.1;
						ProvisioningStyle = Automatic;
						TestTargetID = 2D02E47A1E0B4A5D006451C7;
					};
				};
			};
			buildConfigurationList = 83CBB9FA1A601CBA00E9B192 /* Build configuration list for PBXProject "plottr_mobile" */;
			compatibilityVersion = "Xcode 3.2";
			developmentRegion = en;
			hasScannedForEncodings = 0;
			knownRegions = (
				en,
				Base,
			);
			mainGroup = 83CBB9F61A601CBA00E9B192;
			productRefGroup = 83CBBA001A601CBA00E9B192 /* Products */;
			projectDirPath = "";
			projectRoot = "";
			targets = (
				13B07F861A680F5B00A75B9A /* plottr_mobile */,
				00E356ED1AD99517003FC87E /* plottr_mobileTests */,
				2D02E47A1E0B4A5D006451C7 /* plottr_mobile-tvOS */,
				2D02E48F1E0B4A5D006451C7 /* plottr_mobile-tvOSTests */,
			);
		};
/* End PBXProject section */

/* Begin PBXResourcesBuildPhase section */
		00E356EC1AD99517003FC87E /* Resources */ = {
			isa = PBXResourcesBuildPhase;
			buildActionMask = 2147483647;
			files = (
			);
			runOnlyForDeploymentPostprocessing = 0;
		};
		13B07F8E1A680F5B00A75B9A /* Resources */ = {
			isa = PBXResourcesBuildPhase;
			buildActionMask = 2147483647;
			files = (
				21B1C2DE24EC1C7700DD973F /* PlottrDocumentIcon320.png in Resources */,
				21B1C2E124EC1C7700DD973F /* PlottrDocumentIcon.png in Resources */,
				317DD7C725AFDAD700F4BC7F /* OpenSans-Bold.ttf in Resources */,
				21B1C2D424EC1C5200DD973F /* splashscreen.png in Resources */,
				21B1C2E224EC1C7700DD973F /* PlottrDocumentIcon29.png in Resources */,
				21B1C2DF24EC1C7700DD973F /* PlottrDocumentIcon64.png in Resources */,
				81AB9BB82411601600AC10FF /* LaunchScreen.storyboard in Resources */,
				21B1C2DC24EC1C7700DD973F /* plottr_logo_10.png in Resources */,
				317DD7CD25AFDAD700F4BC7F /* OpenSans-BoldItalic.ttf in Resources */,
				21B1C2E024EC1C7700DD973F /* plottr_logo_04.png in Resources */,
				317DD7CA25AFDAD700F4BC7F /* OpenSans-LightItalic.ttf in Resources */,
				21B1C2DD24EC1C7700DD973F /* PlottrDocumentIcon58.png in Resources */,
				21F4B479251406E000ECB847 /* Launch Screen2.storyboard in Resources */,
				13B07FBF1A68108700A75B9A /* Images.xcassets in Resources */,
				414753B8ADF648B19E020503 /* AntDesign.ttf in Resources */,
				317DD7C925AFDAD700F4BC7F /* OpenSans-Italic.ttf in Resources */,
				317DD7C825AFDAD700F4BC7F /* OpenSans-SemiBold.ttf in Resources */,
				E455089096A94B9791C6B608 /* Entypo.ttf in Resources */,
				317DD7CF25AFDAD700F4BC7F /* OpenSans-Light.ttf in Resources */,
				795A47C58AC948C185B6350A /* EvilIcons.ttf in Resources */,
				819A267FA25B4AC39EF2B84D /* Feather.ttf in Resources */,
				1854EE101B374B63B398262D /* FontAwesome.ttf in Resources */,
				44206FAAB5B7401790CD06AD /* FontAwesome5_Brands.ttf in Resources */,
				5394274B97484BFBA99ECB4A /* FontAwesome5_Regular.ttf in Resources */,
				317DD7CC25AFDAD700F4BC7F /* OpenSans-SemiBoldItalic.ttf in Resources */,
				5F255DD32C9042168F28B0EE /* FontAwesome5_Solid.ttf in Resources */,
				F171753729EB46DC922C18BB /* Fontisto.ttf in Resources */,
				51E2E710F4C645A8A6D19A4C /* Foundation.ttf in Resources */,
				977770F9B5924BA18E510FC7 /* Ionicons.ttf in Resources */,
				B42826967BE24A1DAB3DD682 /* MaterialCommunityIcons.ttf in Resources */,
				DFC95B13B84F4A4382970BD3 /* MaterialIcons.ttf in Resources */,
				60FCBB025AD94C21B7EE3B41 /* Octicons.ttf in Resources */,
				95E11C17979B48E8908E475A /* Roboto_medium.ttf in Resources */,
				A91CD5E74B604491BF000E6E /* Roboto.ttf in Resources */,
				635F1DF0ACA145B99D94BA93 /* rubicon-icon-font.ttf in Resources */,
				869335C6043C4892BDE63820 /* SimpleLineIcons.ttf in Resources */,
				317DD7C625AFDAD700F4BC7F /* OpenSans-ExtraBoldItalic.ttf in Resources */,
				317DD7CB25AFDAD700F4BC7F /* OpenSans-Regular.ttf in Resources */,
				12EBA0C7817941F1A61CE988 /* Zocial.ttf in Resources */,
				317DD7CE25AFDAD700F4BC7F /* OpenSans-ExtraBold.ttf in Resources */,
			);
			runOnlyForDeploymentPostprocessing = 0;
		};
		2D02E4791E0B4A5D006451C7 /* Resources */ = {
			isa = PBXResourcesBuildPhase;
			buildActionMask = 2147483647;
			files = (
				2D02E4BD1E0B4A84006451C7 /* Images.xcassets in Resources */,
			);
			runOnlyForDeploymentPostprocessing = 0;
		};
		2D02E48E1E0B4A5D006451C7 /* Resources */ = {
			isa = PBXResourcesBuildPhase;
			buildActionMask = 2147483647;
			files = (
			);
			runOnlyForDeploymentPostprocessing = 0;
		};
/* End PBXResourcesBuildPhase section */

/* Begin PBXShellScriptBuildPhase section */
		00DD1BFF1BD5951E006B06BC /* Bundle React Native code and images */ = {
			isa = PBXShellScriptBuildPhase;
			buildActionMask = 2147483647;
			files = (
			);
			inputPaths = (
			);
			name = "Bundle React Native code and images";
			outputPaths = (
			);
			runOnlyForDeploymentPostprocessing = 0;
			shellPath = /bin/sh;
			shellScript = "if [ \"${CONFIGURATION}\" == \"Debug\" ]; then\n  export SKIP_BUNDLING=true\nfi\n\nexport NODE_BINARY=node\n../node_modules/react-native/scripts/react-native-xcode.sh\n";
		};
		2D02E4CB1E0B4B27006451C7 /* Bundle React Native Code And Images */ = {
			isa = PBXShellScriptBuildPhase;
			buildActionMask = 2147483647;
			files = (
			);
			inputPaths = (
			);
			name = "Bundle React Native Code And Images";
			outputPaths = (
			);
			runOnlyForDeploymentPostprocessing = 0;
			shellPath = /bin/sh;
			shellScript = "export NODE_BINARY=node\n../node_modules/react-native/scripts/react-native-xcode.sh";
		};
		4B156679635758B1F6A31634 /* [CP] Check Pods Manifest.lock */ = {
			isa = PBXShellScriptBuildPhase;
			buildActionMask = 2147483647;
			files = (
			);
			inputFileListPaths = (
			);
			inputPaths = (
				"${PODS_PODFILE_DIR_PATH}/Podfile.lock",
				"${PODS_ROOT}/Manifest.lock",
			);
			name = "[CP] Check Pods Manifest.lock";
			outputFileListPaths = (
			);
			outputPaths = (
				"$(DERIVED_FILE_DIR)/Pods-plottr_mobile-tvOSTests-checkManifestLockResult.txt",
			);
			runOnlyForDeploymentPostprocessing = 0;
			shellPath = /bin/sh;
			shellScript = "diff \"${PODS_PODFILE_DIR_PATH}/Podfile.lock\" \"${PODS_ROOT}/Manifest.lock\" > /dev/null\nif [ $? != 0 ] ; then\n    # print error to STDERR\n    echo \"error: The sandbox is not in sync with the Podfile.lock. Run 'pod install' or update your CocoaPods installation.\" >&2\n    exit 1\nfi\n# This output is used by Xcode 'outputs' to avoid re-running this script phase.\necho \"SUCCESS\" > \"${SCRIPT_OUTPUT_FILE_0}\"\n";
			showEnvVarsInLog = 0;
		};
		57DFA329DA1098B3BF731902 /* [CP] Check Pods Manifest.lock */ = {
			isa = PBXShellScriptBuildPhase;
			buildActionMask = 2147483647;
			files = (
			);
			inputFileListPaths = (
			);
			inputPaths = (
				"${PODS_PODFILE_DIR_PATH}/Podfile.lock",
				"${PODS_ROOT}/Manifest.lock",
			);
			name = "[CP] Check Pods Manifest.lock";
			outputFileListPaths = (
			);
			outputPaths = (
				"$(DERIVED_FILE_DIR)/Pods-plottr_mobile-plottr_mobileTests-checkManifestLockResult.txt",
			);
			runOnlyForDeploymentPostprocessing = 0;
			shellPath = /bin/sh;
			shellScript = "diff \"${PODS_PODFILE_DIR_PATH}/Podfile.lock\" \"${PODS_ROOT}/Manifest.lock\" > /dev/null\nif [ $? != 0 ] ; then\n    # print error to STDERR\n    echo \"error: The sandbox is not in sync with the Podfile.lock. Run 'pod install' or update your CocoaPods installation.\" >&2\n    exit 1\nfi\n# This output is used by Xcode 'outputs' to avoid re-running this script phase.\necho \"SUCCESS\" > \"${SCRIPT_OUTPUT_FILE_0}\"\n";
			showEnvVarsInLog = 0;
		};
		99C66A8D4853CA13E03BF6AE /* [CP] Check Pods Manifest.lock */ = {
			isa = PBXShellScriptBuildPhase;
			buildActionMask = 2147483647;
			files = (
			);
			inputFileListPaths = (
			);
			inputPaths = (
				"${PODS_PODFILE_DIR_PATH}/Podfile.lock",
				"${PODS_ROOT}/Manifest.lock",
			);
			name = "[CP] Check Pods Manifest.lock";
			outputFileListPaths = (
			);
			outputPaths = (
				"$(DERIVED_FILE_DIR)/Pods-plottr_mobile-checkManifestLockResult.txt",
			);
			runOnlyForDeploymentPostprocessing = 0;
			shellPath = /bin/sh;
			shellScript = "diff \"${PODS_PODFILE_DIR_PATH}/Podfile.lock\" \"${PODS_ROOT}/Manifest.lock\" > /dev/null\nif [ $? != 0 ] ; then\n    # print error to STDERR\n    echo \"error: The sandbox is not in sync with the Podfile.lock. Run 'pod install' or update your CocoaPods installation.\" >&2\n    exit 1\nfi\n# This output is used by Xcode 'outputs' to avoid re-running this script phase.\necho \"SUCCESS\" > \"${SCRIPT_OUTPUT_FILE_0}\"\n";
			showEnvVarsInLog = 0;
		};
		B3F3C9F33CF3F3539A9F2819 /* [CP] Copy Pods Resources */ = {
			isa = PBXShellScriptBuildPhase;
			buildActionMask = 2147483647;
			files = (
			);
			inputPaths = (
				"${PODS_ROOT}/Target Support Files/Pods-plottr_mobile/Pods-plottr_mobile-resources.sh",
				"${PODS_CONFIGURATION_BUILD_DIR}/React-Core/AccessibilityResources.bundle",
			);
			name = "[CP] Copy Pods Resources";
			outputPaths = (
				"${TARGET_BUILD_DIR}/${UNLOCALIZED_RESOURCES_FOLDER_PATH}/AccessibilityResources.bundle",
			);
			runOnlyForDeploymentPostprocessing = 0;
			shellPath = /bin/sh;
			shellScript = "\"${PODS_ROOT}/Target Support Files/Pods-plottr_mobile/Pods-plottr_mobile-resources.sh\"\n";
			showEnvVarsInLog = 0;
		};
		F9C569C4778EF6685F92C639 /* [CP] Check Pods Manifest.lock */ = {
			isa = PBXShellScriptBuildPhase;
			buildActionMask = 2147483647;
			files = (
			);
			inputFileListPaths = (
			);
			inputPaths = (
				"${PODS_PODFILE_DIR_PATH}/Podfile.lock",
				"${PODS_ROOT}/Manifest.lock",
			);
			name = "[CP] Check Pods Manifest.lock";
			outputFileListPaths = (
			);
			outputPaths = (
				"$(DERIVED_FILE_DIR)/Pods-plottr_mobile-tvOS-checkManifestLockResult.txt",
			);
			runOnlyForDeploymentPostprocessing = 0;
			shellPath = /bin/sh;
			shellScript = "diff \"${PODS_PODFILE_DIR_PATH}/Podfile.lock\" \"${PODS_ROOT}/Manifest.lock\" > /dev/null\nif [ $? != 0 ] ; then\n    # print error to STDERR\n    echo \"error: The sandbox is not in sync with the Podfile.lock. Run 'pod install' or update your CocoaPods installation.\" >&2\n    exit 1\nfi\n# This output is used by Xcode 'outputs' to avoid re-running this script phase.\necho \"SUCCESS\" > \"${SCRIPT_OUTPUT_FILE_0}\"\n";
			showEnvVarsInLog = 0;
		};
		FD10A7F022414F080027D42C /* Start Packager */ = {
			isa = PBXShellScriptBuildPhase;
			buildActionMask = 2147483647;
			files = (
			);
			inputFileListPaths = (
			);
			inputPaths = (
			);
			name = "Start Packager";
			outputFileListPaths = (
			);
			outputPaths = (
			);
			runOnlyForDeploymentPostprocessing = 0;
			shellPath = /bin/sh;
			shellScript = "export RCT_METRO_PORT=\"${RCT_METRO_PORT:=8081}\"\necho \"export RCT_METRO_PORT=${RCT_METRO_PORT}\" > \"${SRCROOT}/../node_modules/react-native/scripts/.packager.env\"\nif [ -z \"${RCT_NO_LAUNCH_PACKAGER+xxx}\" ] ; then\n  if nc -w 5 -z localhost ${RCT_METRO_PORT} ; then\n    if ! curl -s \"http://localhost:${RCT_METRO_PORT}/status\" | grep -q \"packager-status:running\" ; then\n      echo \"Port ${RCT_METRO_PORT} already in use, packager is either not running or not running correctly\"\n      exit 2\n    fi\n  else\n    open \"$SRCROOT/../node_modules/react-native/scripts/launchPackager.command\" || echo \"Can't start packager automatically\"\n  fi\nfi\n";
			showEnvVarsInLog = 0;
		};
		FD10A7F122414F3F0027D42C /* Start Packager */ = {
			isa = PBXShellScriptBuildPhase;
			buildActionMask = 2147483647;
			files = (
			);
			inputFileListPaths = (
			);
			inputPaths = (
			);
			name = "Start Packager";
			outputFileListPaths = (
			);
			outputPaths = (
			);
			runOnlyForDeploymentPostprocessing = 0;
			shellPath = /bin/sh;
			shellScript = "export RCT_METRO_PORT=\"${RCT_METRO_PORT:=8081}\"\necho \"export RCT_METRO_PORT=${RCT_METRO_PORT}\" > \"${SRCROOT}/../node_modules/react-native/scripts/.packager.env\"\nif [ -z \"${RCT_NO_LAUNCH_PACKAGER+xxx}\" ] ; then\n  if nc -w 5 -z localhost ${RCT_METRO_PORT} ; then\n    if ! curl -s \"http://localhost:${RCT_METRO_PORT}/status\" | grep -q \"packager-status:running\" ; then\n      echo \"Port ${RCT_METRO_PORT} already in use, packager is either not running or not running correctly\"\n      exit 2\n    fi\n  else\n    open \"$SRCROOT/../node_modules/react-native/scripts/launchPackager.command\" || echo \"Can't start packager automatically\"\n  fi\nfi\n";
			showEnvVarsInLog = 0;
		};
		FDB766087081559073C9A648 /* [CP] Copy Pods Resources */ = {
			isa = PBXShellScriptBuildPhase;
			buildActionMask = 2147483647;
			files = (
			);
			inputPaths = (
				"${PODS_ROOT}/Target Support Files/Pods-plottr_mobile-plottr_mobileTests/Pods-plottr_mobile-plottr_mobileTests-resources.sh",
				"${PODS_CONFIGURATION_BUILD_DIR}/React-Core/AccessibilityResources.bundle",
			);
			name = "[CP] Copy Pods Resources";
			outputPaths = (
				"${TARGET_BUILD_DIR}/${UNLOCALIZED_RESOURCES_FOLDER_PATH}/AccessibilityResources.bundle",
			);
			runOnlyForDeploymentPostprocessing = 0;
			shellPath = /bin/sh;
			shellScript = "\"${PODS_ROOT}/Target Support Files/Pods-plottr_mobile-plottr_mobileTests/Pods-plottr_mobile-plottr_mobileTests-resources.sh\"\n";
			showEnvVarsInLog = 0;
		};
/* End PBXShellScriptBuildPhase section */

/* Begin PBXSourcesBuildPhase section */
		00E356EA1AD99517003FC87E /* Sources */ = {
			isa = PBXSourcesBuildPhase;
			buildActionMask = 2147483647;
			files = (
				00E356F31AD99517003FC87E /* plottr_mobileTests.m in Sources */,
			);
			runOnlyForDeploymentPostprocessing = 0;
		};
		13B07F871A680F5B00A75B9A /* Sources */ = {
			isa = PBXSourcesBuildPhase;
			buildActionMask = 2147483647;
			files = (
				21B1C2D124EB530B00DD973F /* ReactNativeEventsBridge.m in Sources */,
				21B1C2CF24EB4F9E00DD973F /* DocEvents.swift in Sources */,
				21B1C2E424EC20B300DD973F /* ReactNativeEventEmitter.swift in Sources */,
				21B1C2C924EB49D300DD973F /* Document.swift in Sources */,
				21B1C2C224EB365E00DD973F /* DocumentBrowserBridge.m in Sources */,
				21B1C2CB24EB4A4900DD973F /* DocumentViewControllerBridge.m in Sources */,
				21B1C2CD24EB4A7700DD973F /* DocumentViewController.swift in Sources */,
				21B1C2C724EB3D9C00DD973F /* AppDelegate.swift in Sources */,
				21B1C2C524EB384500DD973F /* DocumentBrowser.swift in Sources */,
			);
			runOnlyForDeploymentPostprocessing = 0;
		};
		2D02E4771E0B4A5D006451C7 /* Sources */ = {
			isa = PBXSourcesBuildPhase;
			buildActionMask = 2147483647;
			files = (
			);
			runOnlyForDeploymentPostprocessing = 0;
		};
		2D02E48C1E0B4A5D006451C7 /* Sources */ = {
			isa = PBXSourcesBuildPhase;
			buildActionMask = 2147483647;
			files = (
				2DCD954D1E0B4F2C00145EB5 /* plottr_mobileTests.m in Sources */,
			);
			runOnlyForDeploymentPostprocessing = 0;
		};
/* End PBXSourcesBuildPhase section */

/* Begin PBXTargetDependency section */
		00E356F51AD99517003FC87E /* PBXTargetDependency */ = {
			isa = PBXTargetDependency;
			target = 13B07F861A680F5B00A75B9A /* plottr_mobile */;
			targetProxy = 00E356F41AD99517003FC87E /* PBXContainerItemProxy */;
		};
		2D02E4921E0B4A5D006451C7 /* PBXTargetDependency */ = {
			isa = PBXTargetDependency;
			target = 2D02E47A1E0B4A5D006451C7 /* plottr_mobile-tvOS */;
			targetProxy = 2D02E4911E0B4A5D006451C7 /* PBXContainerItemProxy */;
		};
/* End PBXTargetDependency section */

/* Begin XCBuildConfiguration section */
		00E356F61AD99517003FC87E /* Debug */ = {
			isa = XCBuildConfiguration;
			baseConfigurationReference = BC47959765C7647E29A3611D /* Pods-plottr_mobile-plottr_mobileTests.debug.xcconfig */;
			buildSettings = {
				ALWAYS_EMBED_SWIFT_STANDARD_LIBRARIES = YES;
				BUNDLE_LOADER = "$(TEST_HOST)";
				GCC_PREPROCESSOR_DEFINITIONS = (
					"DEBUG=1",
					"$(inherited)",
				);
				INFOPLIST_FILE = plottr_mobileTests/Info.plist;
				IPHONEOS_DEPLOYMENT_TARGET = 10.0;
				LD_RUNPATH_SEARCH_PATHS = "$(inherited) @executable_path/Frameworks @loader_path/Frameworks";
				OTHER_LDFLAGS = (
					"-ObjC",
					"-lc++",
					"$(inherited)",
				);
				PRODUCT_BUNDLE_IDENTIFIER = "org.reactjs.native.example.$(PRODUCT_NAME:rfc1034identifier)";
				PRODUCT_NAME = "$(TARGET_NAME)";
				TEST_HOST = "$(BUILT_PRODUCTS_DIR)/plottr_mobile.app/plottr_mobile";
			};
			name = Debug;
		};
		00E356F71AD99517003FC87E /* Release */ = {
			isa = XCBuildConfiguration;
			baseConfigurationReference = 25E04417557472983D62CAC3 /* Pods-plottr_mobile-plottr_mobileTests.release.xcconfig */;
			buildSettings = {
				ALWAYS_EMBED_SWIFT_STANDARD_LIBRARIES = YES;
				BUNDLE_LOADER = "$(TEST_HOST)";
				COPY_PHASE_STRIP = NO;
				INFOPLIST_FILE = plottr_mobileTests/Info.plist;
				IPHONEOS_DEPLOYMENT_TARGET = 10.0;
				LD_RUNPATH_SEARCH_PATHS = "$(inherited) @executable_path/Frameworks @loader_path/Frameworks";
				OTHER_LDFLAGS = (
					"-ObjC",
					"-lc++",
					"$(inherited)",
				);
				PRODUCT_BUNDLE_IDENTIFIER = "org.reactjs.native.example.$(PRODUCT_NAME:rfc1034identifier)";
				PRODUCT_NAME = "$(TARGET_NAME)";
				TEST_HOST = "$(BUILT_PRODUCTS_DIR)/plottr_mobile.app/plottr_mobile";
			};
			name = Release;
		};
		13B07F941A680F5B00A75B9A /* Debug */ = {
			isa = XCBuildConfiguration;
			baseConfigurationReference = 3A4BC125BCC028219857D74E /* Pods-plottr_mobile.debug.xcconfig */;
			buildSettings = {
				ASSETCATALOG_COMPILER_APPICON_NAME = AppIcon;
				CLANG_ENABLE_MODULES = YES;
				CODE_SIGN_ENTITLEMENTS = plottr_mobile/plottr_mobile.entitlements;
				CURRENT_PROJECT_VERSION = 15;
				DEVELOPMENT_TEAM = H8PJ35QS3D;
				ENABLE_BITCODE = NO;
				INFOPLIST_FILE = plottr_mobile/Info.plist;
				IPHONEOS_DEPLOYMENT_TARGET = 13.0;
				LD_RUNPATH_SEARCH_PATHS = "$(inherited) @executable_path/Frameworks";
				MARKETING_VERSION = 2.1.0;
				OTHER_LDFLAGS = (
					"$(inherited)",
					"-ObjC",
					"-lc++",
				);
				PRODUCT_BUNDLE_IDENTIFIER = com.fictionaldevices.Plottr;
				PRODUCT_NAME = plottr_mobile;
				SWIFT_ACTIVE_COMPILATION_CONDITIONS = "FB_SONARKIT_ENABLED DEBUG";
				SWIFT_OBJC_BRIDGING_HEADER = "plottr_mobile-Bridging-Header.h";
				SWIFT_OPTIMIZATION_LEVEL = "-Onone";
				SWIFT_VERSION = 5.0;
				TARGETED_DEVICE_FAMILY = "1,2";
				VERSIONING_SYSTEM = "apple-generic";
			};
			name = Debug;
		};
		13B07F951A680F5B00A75B9A /* Release */ = {
			isa = XCBuildConfiguration;
			baseConfigurationReference = 7695F4BAD6856B590C444107 /* Pods-plottr_mobile.release.xcconfig */;
			buildSettings = {
				ASSETCATALOG_COMPILER_APPICON_NAME = AppIcon;
				CLANG_ENABLE_MODULES = YES;
				CODE_SIGN_ENTITLEMENTS = plottr_mobile/plottr_mobile.entitlements;
				CURRENT_PROJECT_VERSION = 15;
				DEVELOPMENT_TEAM = H8PJ35QS3D;
				INFOPLIST_FILE = plottr_mobile/Info.plist;
				IPHONEOS_DEPLOYMENT_TARGET = 13.0;
				LD_RUNPATH_SEARCH_PATHS = "$(inherited) @executable_path/Frameworks";
				MARKETING_VERSION = 2.1.0;
				OTHER_LDFLAGS = (
					"$(inherited)",
					"-ObjC",
					"-lc++",
				);
				PRODUCT_BUNDLE_IDENTIFIER = com.fictionaldevices.Plottr;
				PRODUCT_NAME = plottr_mobile;
				SWIFT_OBJC_BRIDGING_HEADER = "plottr_mobile-Bridging-Header.h";
				SWIFT_VERSION = 5.0;
				TARGETED_DEVICE_FAMILY = "1,2";
				VERSIONING_SYSTEM = "apple-generic";
			};
			name = Release;
		};
		2D02E4971E0B4A5E006451C7 /* Debug */ = {
			isa = XCBuildConfiguration;
			baseConfigurationReference = A0C25A63EA39471EB1171725 /* Pods-plottr_mobile-tvOS.debug.xcconfig */;
			buildSettings = {
				ASSETCATALOG_COMPILER_APPICON_NAME = "App Icon & Top Shelf Image";
				ASSETCATALOG_COMPILER_LAUNCHIMAGE_NAME = LaunchImage;
				CLANG_ANALYZER_NONNULL = YES;
				CLANG_WARN_DOCUMENTATION_COMMENTS = YES;
				CLANG_WARN_INFINITE_RECURSION = YES;
				CLANG_WARN_SUSPICIOUS_MOVE = YES;
				DEBUG_INFORMATION_FORMAT = dwarf;
				ENABLE_TESTABILITY = YES;
				GCC_NO_COMMON_BLOCKS = YES;
				INFOPLIST_FILE = "plottr_mobile-tvOS/Info.plist";
				LD_RUNPATH_SEARCH_PATHS = "$(inherited) @executable_path/Frameworks";
				OTHER_LDFLAGS = (
					"$(inherited)",
					"-ObjC",
					"-lc++",
				);
				PRODUCT_BUNDLE_IDENTIFIER = "org.reactjs.native.example.plottr_mobile-tvOS";
				PRODUCT_NAME = "$(TARGET_NAME)";
				SDKROOT = appletvos;
				TARGETED_DEVICE_FAMILY = 3;
				TVOS_DEPLOYMENT_TARGET = 10.0;
			};
			name = Debug;
		};
		2D02E4981E0B4A5E006451C7 /* Release */ = {
			isa = XCBuildConfiguration;
			baseConfigurationReference = 5D734D53B9E2ABCD7043B6EA /* Pods-plottr_mobile-tvOS.release.xcconfig */;
			buildSettings = {
				ASSETCATALOG_COMPILER_APPICON_NAME = "App Icon & Top Shelf Image";
				ASSETCATALOG_COMPILER_LAUNCHIMAGE_NAME = LaunchImage;
				CLANG_ANALYZER_NONNULL = YES;
				CLANG_WARN_DOCUMENTATION_COMMENTS = YES;
				CLANG_WARN_INFINITE_RECURSION = YES;
				CLANG_WARN_SUSPICIOUS_MOVE = YES;
				COPY_PHASE_STRIP = NO;
				DEBUG_INFORMATION_FORMAT = "dwarf-with-dsym";
				GCC_NO_COMMON_BLOCKS = YES;
				INFOPLIST_FILE = "plottr_mobile-tvOS/Info.plist";
				LD_RUNPATH_SEARCH_PATHS = "$(inherited) @executable_path/Frameworks";
				OTHER_LDFLAGS = (
					"$(inherited)",
					"-ObjC",
					"-lc++",
				);
				PRODUCT_BUNDLE_IDENTIFIER = "org.reactjs.native.example.plottr_mobile-tvOS";
				PRODUCT_NAME = "$(TARGET_NAME)";
				SDKROOT = appletvos;
				TARGETED_DEVICE_FAMILY = 3;
				TVOS_DEPLOYMENT_TARGET = 10.0;
			};
			name = Release;
		};
		2D02E4991E0B4A5E006451C7 /* Debug */ = {
			isa = XCBuildConfiguration;
			baseConfigurationReference = 4F69BF56FA7267400CB75BE8 /* Pods-plottr_mobile-tvOSTests.debug.xcconfig */;
			buildSettings = {
				BUNDLE_LOADER = "$(TEST_HOST)";
				CLANG_ANALYZER_NONNULL = YES;
				CLANG_WARN_DOCUMENTATION_COMMENTS = YES;
				CLANG_WARN_INFINITE_RECURSION = YES;
				CLANG_WARN_SUSPICIOUS_MOVE = YES;
				DEBUG_INFORMATION_FORMAT = dwarf;
				ENABLE_TESTABILITY = YES;
				GCC_NO_COMMON_BLOCKS = YES;
				INFOPLIST_FILE = "plottr_mobile-tvOSTests/Info.plist";
				LD_RUNPATH_SEARCH_PATHS = "$(inherited) @executable_path/Frameworks @loader_path/Frameworks";
				OTHER_LDFLAGS = (
					"$(inherited)",
					"-ObjC",
					"-lc++",
				);
				PRODUCT_BUNDLE_IDENTIFIER = "org.reactjs.native.example.plottr_mobile-tvOSTests";
				PRODUCT_NAME = "$(TARGET_NAME)";
				SDKROOT = appletvos;
				TEST_HOST = "$(BUILT_PRODUCTS_DIR)/plottr_mobile-tvOS.app/plottr_mobile-tvOS";
				TVOS_DEPLOYMENT_TARGET = 10.1;
			};
			name = Debug;
		};
		2D02E49A1E0B4A5E006451C7 /* Release */ = {
			isa = XCBuildConfiguration;
			baseConfigurationReference = 75EFFAB8A673D9E1D544192C /* Pods-plottr_mobile-tvOSTests.release.xcconfig */;
			buildSettings = {
				BUNDLE_LOADER = "$(TEST_HOST)";
				CLANG_ANALYZER_NONNULL = YES;
				CLANG_WARN_DOCUMENTATION_COMMENTS = YES;
				CLANG_WARN_INFINITE_RECURSION = YES;
				CLANG_WARN_SUSPICIOUS_MOVE = YES;
				COPY_PHASE_STRIP = NO;
				DEBUG_INFORMATION_FORMAT = "dwarf-with-dsym";
				GCC_NO_COMMON_BLOCKS = YES;
				INFOPLIST_FILE = "plottr_mobile-tvOSTests/Info.plist";
				LD_RUNPATH_SEARCH_PATHS = "$(inherited) @executable_path/Frameworks @loader_path/Frameworks";
				OTHER_LDFLAGS = (
					"$(inherited)",
					"-ObjC",
					"-lc++",
				);
				PRODUCT_BUNDLE_IDENTIFIER = "org.reactjs.native.example.plottr_mobile-tvOSTests";
				PRODUCT_NAME = "$(TARGET_NAME)";
				SDKROOT = appletvos;
				TEST_HOST = "$(BUILT_PRODUCTS_DIR)/plottr_mobile-tvOS.app/plottr_mobile-tvOS";
				TVOS_DEPLOYMENT_TARGET = 10.1;
			};
			name = Release;
		};
		83CBBA201A601CBA00E9B192 /* Debug */ = {
			isa = XCBuildConfiguration;
			buildSettings = {
				ALWAYS_SEARCH_USER_PATHS = NO;
				CLANG_ANALYZER_LOCALIZABILITY_NONLOCALIZED = YES;
				CLANG_CXX_LANGUAGE_STANDARD = "gnu++0x";
				CLANG_CXX_LIBRARY = "libc++";
				CLANG_ENABLE_MODULES = YES;
				CLANG_ENABLE_OBJC_ARC = YES;
				CLANG_WARN_BLOCK_CAPTURE_AUTORELEASING = YES;
				CLANG_WARN_BOOL_CONVERSION = YES;
				CLANG_WARN_COMMA = YES;
				CLANG_WARN_CONSTANT_CONVERSION = YES;
				CLANG_WARN_DEPRECATED_OBJC_IMPLEMENTATIONS = YES;
				CLANG_WARN_DIRECT_OBJC_ISA_USAGE = YES_ERROR;
				CLANG_WARN_EMPTY_BODY = YES;
				CLANG_WARN_ENUM_CONVERSION = YES;
				CLANG_WARN_INFINITE_RECURSION = YES;
				CLANG_WARN_INT_CONVERSION = YES;
				CLANG_WARN_NON_LITERAL_NULL_CONVERSION = YES;
				CLANG_WARN_OBJC_IMPLICIT_RETAIN_SELF = YES;
				CLANG_WARN_OBJC_LITERAL_CONVERSION = YES;
				CLANG_WARN_OBJC_ROOT_CLASS = YES_ERROR;
				CLANG_WARN_RANGE_LOOP_ANALYSIS = YES;
				CLANG_WARN_STRICT_PROTOTYPES = YES;
				CLANG_WARN_SUSPICIOUS_MOVE = YES;
				CLANG_WARN_UNREACHABLE_CODE = YES;
				CLANG_WARN__DUPLICATE_METHOD_MATCH = YES;
				"CODE_SIGN_IDENTITY[sdk=iphoneos*]" = "iPhone Developer";
				COPY_PHASE_STRIP = NO;
				ENABLE_STRICT_OBJC_MSGSEND = YES;
				ENABLE_TESTABILITY = YES;
				GCC_C_LANGUAGE_STANDARD = gnu99;
				GCC_DYNAMIC_NO_PIC = NO;
				GCC_NO_COMMON_BLOCKS = YES;
				GCC_OPTIMIZATION_LEVEL = 0;
				GCC_PREPROCESSOR_DEFINITIONS = (
					"DEBUG=1",
					"$(inherited)",
				);
				GCC_SYMBOLS_PRIVATE_EXTERN = NO;
				GCC_WARN_64_TO_32_BIT_CONVERSION = YES;
				GCC_WARN_ABOUT_RETURN_TYPE = YES_ERROR;
				GCC_WARN_UNDECLARED_SELECTOR = YES;
				GCC_WARN_UNINITIALIZED_AUTOS = YES_AGGRESSIVE;
				GCC_WARN_UNUSED_FUNCTION = YES;
				GCC_WARN_UNUSED_VARIABLE = YES;
				IPHONEOS_DEPLOYMENT_TARGET = 11.0;
				LD_RUNPATH_SEARCH_PATHS = "/usr/lib/swift $(inherited)";
				LIBRARY_SEARCH_PATHS = (
					"\"$(TOOLCHAIN_DIR)/usr/lib/swift/$(PLATFORM_NAME)\"",
					"\"$(TOOLCHAIN_DIR)/usr/lib/swift-5.0/$(PLATFORM_NAME)\"",
					"\"$(inherited)\"",
				);
				MTL_ENABLE_DEBUG_INFO = YES;
				ONLY_ACTIVE_ARCH = YES;
				SDKROOT = iphoneos;
			};
			name = Debug;
		};
		83CBBA211A601CBA00E9B192 /* Release */ = {
			isa = XCBuildConfiguration;
			buildSettings = {
				ALWAYS_SEARCH_USER_PATHS = NO;
				CLANG_ANALYZER_LOCALIZABILITY_NONLOCALIZED = YES;
				CLANG_CXX_LANGUAGE_STANDARD = "gnu++0x";
				CLANG_CXX_LIBRARY = "libc++";
				CLANG_ENABLE_MODULES = YES;
				CLANG_ENABLE_OBJC_ARC = YES;
				CLANG_WARN_BLOCK_CAPTURE_AUTORELEASING = YES;
				CLANG_WARN_BOOL_CONVERSION = YES;
				CLANG_WARN_COMMA = YES;
				CLANG_WARN_CONSTANT_CONVERSION = YES;
				CLANG_WARN_DEPRECATED_OBJC_IMPLEMENTATIONS = YES;
				CLANG_WARN_DIRECT_OBJC_ISA_USAGE = YES_ERROR;
				CLANG_WARN_EMPTY_BODY = YES;
				CLANG_WARN_ENUM_CONVERSION = YES;
				CLANG_WARN_INFINITE_RECURSION = YES;
				CLANG_WARN_INT_CONVERSION = YES;
				CLANG_WARN_NON_LITERAL_NULL_CONVERSION = YES;
				CLANG_WARN_OBJC_IMPLICIT_RETAIN_SELF = YES;
				CLANG_WARN_OBJC_LITERAL_CONVERSION = YES;
				CLANG_WARN_OBJC_ROOT_CLASS = YES_ERROR;
				CLANG_WARN_RANGE_LOOP_ANALYSIS = YES;
				CLANG_WARN_STRICT_PROTOTYPES = YES;
				CLANG_WARN_SUSPICIOUS_MOVE = YES;
				CLANG_WARN_UNREACHABLE_CODE = YES;
				CLANG_WARN__DUPLICATE_METHOD_MATCH = YES;
				"CODE_SIGN_IDENTITY[sdk=iphoneos*]" = "iPhone Developer";
				COPY_PHASE_STRIP = YES;
				ENABLE_NS_ASSERTIONS = NO;
				ENABLE_STRICT_OBJC_MSGSEND = YES;
				GCC_C_LANGUAGE_STANDARD = gnu99;
				GCC_NO_COMMON_BLOCKS = YES;
				GCC_WARN_64_TO_32_BIT_CONVERSION = YES;
				GCC_WARN_ABOUT_RETURN_TYPE = YES_ERROR;
				GCC_WARN_UNDECLARED_SELECTOR = YES;
				GCC_WARN_UNINITIALIZED_AUTOS = YES_AGGRESSIVE;
				GCC_WARN_UNUSED_FUNCTION = YES;
				GCC_WARN_UNUSED_VARIABLE = YES;
				IPHONEOS_DEPLOYMENT_TARGET = 11.0;
				LD_RUNPATH_SEARCH_PATHS = "/usr/lib/swift $(inherited)";
				LIBRARY_SEARCH_PATHS = (
					"\"$(TOOLCHAIN_DIR)/usr/lib/swift/$(PLATFORM_NAME)\"",
					"\"$(TOOLCHAIN_DIR)/usr/lib/swift-5.0/$(PLATFORM_NAME)\"",
					"\"$(inherited)\"",
				);
				MTL_ENABLE_DEBUG_INFO = NO;
				SDKROOT = iphoneos;
				VALIDATE_PRODUCT = YES;
			};
			name = Release;
		};
/* End XCBuildConfiguration section */

/* Begin XCConfigurationList section */
		00E357021AD99517003FC87E /* Build configuration list for PBXNativeTarget "plottr_mobileTests" */ = {
			isa = XCConfigurationList;
			buildConfigurations = (
				00E356F61AD99517003FC87E /* Debug */,
				00E356F71AD99517003FC87E /* Release */,
			);
			defaultConfigurationIsVisible = 0;
			defaultConfigurationName = Release;
		};
		13B07F931A680F5B00A75B9A /* Build configuration list for PBXNativeTarget "plottr_mobile" */ = {
			isa = XCConfigurationList;
			buildConfigurations = (
				13B07F941A680F5B00A75B9A /* Debug */,
				13B07F951A680F5B00A75B9A /* Release */,
			);
			defaultConfigurationIsVisible = 0;
			defaultConfigurationName = Release;
		};
		2D02E4BA1E0B4A5E006451C7 /* Build configuration list for PBXNativeTarget "plottr_mobile-tvOS" */ = {
			isa = XCConfigurationList;
			buildConfigurations = (
				2D02E4971E0B4A5E006451C7 /* Debug */,
				2D02E4981E0B4A5E006451C7 /* Release */,
			);
			defaultConfigurationIsVisible = 0;
			defaultConfigurationName = Release;
		};
		2D02E4BB1E0B4A5E006451C7 /* Build configuration list for PBXNativeTarget "plottr_mobile-tvOSTests" */ = {
			isa = XCConfigurationList;
			buildConfigurations = (
				2D02E4991E0B4A5E006451C7 /* Debug */,
				2D02E49A1E0B4A5E006451C7 /* Release */,
			);
			defaultConfigurationIsVisible = 0;
			defaultConfigurationName = Release;
		};
		83CBB9FA1A601CBA00E9B192 /* Build configuration list for PBXProject "plottr_mobile" */ = {
			isa = XCConfigurationList;
			buildConfigurations = (
				83CBBA201A601CBA00E9B192 /* Debug */,
				83CBBA211A601CBA00E9B192 /* Release */,
			);
			defaultConfigurationIsVisible = 0;
			defaultConfigurationName = Release;
		};
/* End XCConfigurationList section */
	};
	rootObject = 83CBB9F71A601CBA00E9B192 /* Project object */;
}
